
Microsoft Visual Studio Solution File, Format Version 12.00
# Visual Studio 15
VisualStudioVersion = 15.0.28307.136
MinimumVisualStudioVersion = 10.0.40219.1
Project("{FAE04EC0-301F-11D3-BF4B-00C04F79EFBC}") = "UserMaintenance", "UserMaintenance\UserMaintenance.csproj", "{24A8E4C8-201B-4293-803B-DC13AEFFC8B5}"
EndProject
Global
	GlobalSection(SolutionConfigurationPlatforms) = preSolution
		Debug|Any CPU = Debug|Any CPU
		Release|Any CPU = Release|Any CPU
	EndGlobalSection
	GlobalSection(ProjectConfigurationPlatforms) = postSolution
		{24A8E4C8-201B-4293-803B-DC13AEFFC8B5}.Debug|Any CPU.ActiveCfg = Debug|Any CPU
		{24A8E4C8-201B-4293-803B-DC13AEFFC8B5}.Debug|Any CPU.Build.0 = Debug|Any CPU
		{24A8E4C8-201B-4293-803B-DC13AEFFC8B5}.Release|Any CPU.ActiveCfg = Release|Any CPU
		{24A8E4C8-201B-4293-803B-DC13AEFFC8B5}.Release|Any CPU.Build.0 = Release|Any CPU
	EndGlobalSection
	GlobalSection(SolutionProperties) = preSolution
		HideSolutionNode = FALSE
	EndGlobalSection
	GlobalSection(ExtensibilityGlobals) = postSolution
		SolutionGuid = {AF7A2F12-D67E-41F7-B8A2-AD5186F07D17}
	EndGlobalSection
EndGlobal
